
Microsoft Visual Studio Solution File, Format Version 12.00
# Visual Studio 14
VisualStudioVersion = 14.0.25420.1
MinimumVisualStudioVersion = 10.0.40219.1
Project("{FAE04EC0-301F-11D3-BF4B-00C04F79EFBC}") = "SchoolSystem.CLI", "SchoolSystem.CLI\SchoolSystem.CLI.csproj", "{03FEAB64-C7D3-4E0D-A5A3-1A26B51C5EEB}"
EndProject
Project("{FAE04EC0-301F-11D3-BF4B-00C04F79EFBC}") = "SchoolSystem.Tests", "SchoolSystem.Tests\SchoolSystem.Tests.csproj", "{36F8FB88-168F-4AE3-B6B1-A231208AA932}"
EndProject
Project("{FAE04EC0-301F-11D3-BF4B-00C04F79EFBC}") = "SchoolSystem.Framework", "SchoolSystem.Framework\SchoolSystem.Framework.csproj", "{D8CEC5A9-940A-468B-9892-693A3DC97AB1}"
EndProject
Global
	GlobalSection(SolutionConfigurationPlatforms) = preSolution
		Debug|Any CPU = Debug|Any CPU
		Debug|ARM = Debug|ARM
		Debug|x64 = Debug|x64
		Debug|x86 = Debug|x86
		Release|Any CPU = Release|Any CPU
		Release|ARM = Release|ARM
		Release|x64 = Release|x64
		Release|x86 = Release|x86
	EndGlobalSection
	GlobalSection(ProjectConfigurationPlatforms) = postSolution
		{03FEAB64-C7D3-4E0D-A5A3-1A26B51C5EEB}.Debug|Any CPU.ActiveCfg = Debug|Any CPU
		{03FEAB64-C7D3-4E0D-A5A3-1A26B51C5EEB}.Debug|Any CPU.Build.0 = Debug|Any CPU
		{03FEAB64-C7D3-4E0D-A5A3-1A26B51C5EEB}.Debug|ARM.ActiveCfg = Debug|Any CPU
		{03FEAB64-C7D3-4E0D-A5A3-1A26B51C5EEB}.Debug|ARM.Build.0 = Debug|Any CPU
		{03FEAB64-C7D3-4E0D-A5A3-1A26B51C5EEB}.Debug|x64.ActiveCfg = Debug|Any CPU
		{03FEAB64-C7D3-4E0D-A5A3-1A26B51C5EEB}.Debug|x64.Build.0 = Debug|Any CPU
		{03FEAB64-C7D3-4E0D-A5A3-1A26B51C5EEB}.Debug|x86.ActiveCfg = Debug|Any CPU
		{03FEAB64-C7D3-4E0D-A5A3-1A26B51C5EEB}.Debug|x86.Build.0 = Debug|Any CPU
		{03FEAB64-C7D3-4E0D-A5A3-1A26B51C5EEB}.Release|Any CPU.ActiveCfg = Release|Any CPU
		{03FEAB64-C7D3-4E0D-A5A3-1A26B51C5EEB}.Release|Any CPU.Build.0 = Release|Any CPU
		{03FEAB64-C7D3-4E0D-A5A3-1A26B51C5EEB}.Release|ARM.ActiveCfg = Release|Any CPU
		{03FEAB64-C7D3-4E0D-A5A3-1A26B51C5EEB}.Release|ARM.Build.0 = Release|Any CPU
		{03FEAB64-C7D3-4E0D-A5A3-1A26B51C5EEB}.Release|x64.ActiveCfg = Release|Any CPU
		{03FEAB64-C7D3-4E0D-A5A3-1A26B51C5EEB}.Release|x64.Build.0 = Release|Any CPU
		{03FEAB64-C7D3-4E0D-A5A3-1A26B51C5EEB}.Release|x86.ActiveCfg = Release|Any CPU
		{03FEAB64-C7D3-4E0D-A5A3-1A26B51C5EEB}.Release|x86.Build.0 = Release|Any CPU
		{36F8FB88-168F-4AE3-B6B1-A231208AA932}.Debug|Any CPU.ActiveCfg = Debug|Any CPU
		{36F8FB88-168F-4AE3-B6B1-A231208AA932}.Debug|Any CPU.Build.0 = Debug|Any CPU
		{36F8FB88-168F-4AE3-B6B1-A231208AA932}.Debug|ARM.ActiveCfg = Debug|Any CPU
		{36F8FB88-168F-4AE3-B6B1-A231208AA932}.Debug|ARM.Build.0 = Debug|Any CPU
		{36F8FB88-168F-4AE3-B6B1-A231208AA932}.Debug|x64.ActiveCfg = Debug|Any CPU
		{36F8FB88-168F-4AE3-B6B1-A231208AA932}.Debug|x64.Build.0 = Debug|Any CPU
		{36F8FB88-168F-4AE3-B6B1-A231208AA932}.Debug|x86.ActiveCfg = Debug|Any CPU
		{36F8FB88-168F-4AE3-B6B1-A231208AA932}.Debug|x86.Build.0 = Debug|Any CPU
		{36F8FB88-168F-4AE3-B6B1-A231208AA932}.Release|Any CPU.ActiveCfg = Release|Any CPU
		{36F8FB88-168F-4AE3-B6B1-A231208AA932}.Release|Any CPU.Build.0 = Release|Any CPU
		{36F8FB88-168F-4AE3-B6B1-A231208AA932}.Release|ARM.ActiveCfg = Release|Any CPU
		{36F8FB88-168F-4AE3-B6B1-A231208AA932}.Release|ARM.Build.0 = Release|Any CPU
		{36F8FB88-168F-4AE3-B6B1-A231208AA932}.Release|x64.ActiveCfg = Release|Any CPU
		{36F8FB88-168F-4AE3-B6B1-A231208AA932}.Release|x64.Build.0 = Release|Any CPU
		{36F8FB88-168F-4AE3-B6B1-A231208AA932}.Release|x86.ActiveCfg = Release|Any CPU
		{36F8FB88-168F-4AE3-B6B1-A231208AA932}.Release|x86.Build.0 = Release|Any CPU
		{D8CEC5A9-940A-468B-9892-693A3DC97AB1}.Debug|Any CPU.ActiveCfg = Debug|Any CPU
		{D8CEC5A9-940A-468B-9892-693A3DC97AB1}.Debug|Any CPU.Build.0 = Debug|Any CPU
		{D8CEC5A9-940A-468B-9892-693A3DC97AB1}.Debug|ARM.ActiveCfg = Debug|Any CPU
		{D8CEC5A9-940A-468B-9892-693A3DC97AB1}.Debug|ARM.Build.0 = Debug|Any CPU
		{D8CEC5A9-940A-468B-9892-693A3DC97AB1}.Debug|x64.ActiveCfg = Debug|Any CPU
		{D8CEC5A9-940A-468B-9892-693A3DC97AB1}.Debug|x64.Build.0 = Debug|Any CPU
		{D8CEC5A9-940A-468B-9892-693A3DC97AB1}.Debug|x86.ActiveCfg = Debug|Any CPU
		{D8CEC5A9-940A-468B-9892-693A3DC97AB1}.Debug|x86.Build.0 = Debug|Any CPU
		{D8CEC5A9-940A-468B-9892-693A3DC97AB1}.Release|Any CPU.ActiveCfg = Release|Any CPU
		{D8CEC5A9-940A-468B-9892-693A3DC97AB1}.Release|Any CPU.Build.0 = Release|Any CPU
		{D8CEC5A9-940A-468B-9892-693A3DC97AB1}.Release|ARM.ActiveCfg = Release|Any CPU
		{D8CEC5A9-940A-468B-9892-693A3DC97AB1}.Release|ARM.Build.0 = Release|Any CPU
		{D8CEC5A9-940A-468B-9892-693A3DC97AB1}.Release|x64.ActiveCfg = Release|Any CPU
		{D8CEC5A9-940A-468B-9892-693A3DC97AB1}.Release|x64.Build.0 = Release|Any CPU
		{D8CEC5A9-940A-468B-9892-693A3DC97AB1}.Release|x86.ActiveCfg = Release|Any CPU
		{D8CEC5A9-940A-468B-9892-693A3DC97AB1}.Release|x86.Build.0 = Release|Any CPU
	EndGlobalSection
	GlobalSection(SolutionProperties) = preSolution
		HideSolutionNode = FALSE
	EndGlobalSection
EndGlobal
